# This file is automatically @generated by Wally.
# It is not intended for manual editing.
registry = "test"

[[package]]
name = "freddylist/llama"
version = "1.1.1"
dependencies = []

[[package]]
name = "roblox/testez"
version = "0.4.1"
dependencies = []

[[package]]
name = "ukendio/robloxmath"
version = "0.0.1-a.3"
dependencies = [["Llama", "freddylist/llama@1.1.1"], ["TestEZ", "roblox/testez@0.4.1"]]
