# This file is automatically @generated by Wally.
# It is not intended for manual editing.
registry = "test"

[[package]]
name = "osyrisrblx/t"
version = "3.0.0"
dependencies = []

[[package]]
name = "roblox/testez"
version = "0.4.1"
dependencies = []

[[package]]
name = "shanebutt/llama"
version = "1.1.4"
dependencies = [["t", "osyrisrblx/t@3.0.0"]]

[[package]]
name = "ukendio/robloxmath"
version = "0.1.0"
dependencies = [["Llama", "shanebutt/llama@1.1.4"], ["TestEZ", "roblox/testez@0.4.1"]]
